<?xml version="1.0" encoding="utf-8"?>
<Project ToolsVersion="4.0" xmlns="http://schemas.microsoft.com/developer/msbuild/2003">
  <ItemGroup>
    <ClCompile Include="stdafx.cpp">
      <Filter>cpp</Filter>
    </ClCompile>
    <ClCompile Include="view.cpp">
      <Filter>cpp</Filter>
    </ClCompile>
    <ClCompile Include="kr.cpp">
      <Filter>cpp</Filter>
    </ClCompile>
    <ClCompile Include="complex.cpp">
      <Filter>cpp</Filter>
    </ClCompile>
  </ItemGroup>
  <ItemGroup>
    <ClInclude Include="controller.h">
      <Filter>headers</Filter>
    </ClInclude>
    <ClInclude Include="model.h">
      <Filter>headers</Filter>
    </ClInclude>
    <ClInclude Include="Resource.h">
      <Filter>headers</Filter>
    </ClInclude>
    <ClInclude Include="stdafx.h">
      <Filter>headers</Filter>
    </ClInclude>
    <ClInclude Include="view.h">
      <Filter>headers</Filter>
    </ClInclude>
    <ClInclude Include="targetver.h">
      <Filter>headers</Filter>
    </ClInclude>
    <ClInclude Include="kr.h">
      <Filter>headers</Filter>
    </ClInclude>
    <ClInclude Include="complex.h">
      <Filter>headers</Filter>
    </ClInclude>
  </ItemGroup>
  <ItemGroup>
    <Image Include="kr.ico">
      <Filter>stuff</Filter>
    </Image>
    <Image Include="small.ico">
      <Filter>stuff</Filter>
    </Image>
  </ItemGroup>
  <ItemGroup>
    <Filter Include="cpp">
      <UniqueIdentifier>{971c5338-43fb-4c69-9c52-bdfdc90c7441}</UniqueIdentifier>
    </Filter>
    <Filter Include="headers">
      <UniqueIdentifier>{7d2935e0-9d2d-40e3-8328-b1c67b489d2f}</UniqueIdentifier>
    </Filter>
    <Filter Include="stuff">
      <UniqueIdentifier>{0780175c-510d-486f-af83-c52030315e2b}</UniqueIdentifier>
    </Filter>
  </ItemGroup>
  <ItemGroup>
    <ResourceCompile Include="kr.rc">
      <Filter>stuff</Filter>
    </ResourceCompile>
  </ItemGroup>
</Project>